
Microsoft Visual Studio Solution File, Format Version 12.00
# Visual Studio Version 17
VisualStudioVersion = 17.13.35931.197 d17.13
MinimumVisualStudioVersion = 10.0.40219.1
Project("{FAE04EC0-301F-11D3-BF4B-00C04F79EFBC}") = "2_Rodriguez_tp7", "2_Rodriguez_tp7.csproj", "{EBA1D555-A10B-4915-B670-EF3884FAA1AD}"
EndProject
Global
	GlobalSection(SolutionConfigurationPlatforms) = preSolution
		Debug|Any CPU = Debug|Any CPU
		Release|Any CPU = Release|Any CPU
	EndGlobalSection
	GlobalSection(ProjectConfigurationPlatforms) = postSolution
		{EBA1D555-A10B-4915-B670-EF3884FAA1AD}.Debug|Any CPU.ActiveCfg = Debug|Any CPU
		{EBA1D555-A10B-4915-B670-EF3884FAA1AD}.Debug|Any CPU.Build.0 = Debug|Any CPU
		{EBA1D555-A10B-4915-B670-EF3884FAA1AD}.Release|Any CPU.ActiveCfg = Release|Any CPU
		{EBA1D555-A10B-4915-B670-EF3884FAA1AD}.Release|Any CPU.Build.0 = Release|Any CPU
	EndGlobalSection
	GlobalSection(SolutionProperties) = preSolution
		HideSolutionNode = FALSE
	EndGlobalSection
	GlobalSection(ExtensibilityGlobals) = postSolution
		SolutionGuid = {BBD1DC4B-2321-4505-BFEC-2BB6357BA796}
	EndGlobalSection
EndGlobal
