
Microsoft Visual Studio Solution File, Format Version 12.00
# Visual Studio Version 17
VisualStudioVersion = 17.13.35931.197 d17.13
MinimumVisualStudioVersion = 10.0.40219.1
Project("{FAE04EC0-301F-11D3-BF4B-00C04F79EFBC}") = "2_Rodriguez_TP3", "2_Rodriguez_TP3.csproj", "{D5654F11-96F4-456C-8973-C94AAC114D00}"
EndProject
Global
	GlobalSection(SolutionConfigurationPlatforms) = preSolution
		Debug|Any CPU = Debug|Any CPU
		Release|Any CPU = Release|Any CPU
	EndGlobalSection
	GlobalSection(ProjectConfigurationPlatforms) = postSolution
		{D5654F11-96F4-456C-8973-C94AAC114D00}.Debug|Any CPU.ActiveCfg = Debug|Any CPU
		{D5654F11-96F4-456C-8973-C94AAC114D00}.Debug|Any CPU.Build.0 = Debug|Any CPU
		{D5654F11-96F4-456C-8973-C94AAC114D00}.Release|Any CPU.ActiveCfg = Release|Any CPU
		{D5654F11-96F4-456C-8973-C94AAC114D00}.Release|Any CPU.Build.0 = Release|Any CPU
	EndGlobalSection
	GlobalSection(SolutionProperties) = preSolution
		HideSolutionNode = FALSE
	EndGlobalSection
	GlobalSection(ExtensibilityGlobals) = postSolution
		SolutionGuid = {B24F7421-C0A3-4F39-A6B5-8D78022B7DBB}
	EndGlobalSection
EndGlobal
