
Microsoft Visual Studio Solution File, Format Version 12.00
# Visual Studio Version 17
VisualStudioVersion = 17.13.35931.197 d17.13
MinimumVisualStudioVersion = 10.0.40219.1
Project("{FAE04EC0-301F-11D3-BF4B-00C04F79EFBC}") = "0_Rodriguez_tp1", "0_Rodriguez_tp1\0_Rodriguez_tp1.csproj", "{4D388768-7137-4D80-9039-ED4432BC24A2}"
EndProject
Global
	GlobalSection(SolutionConfigurationPlatforms) = preSolution
		Debug|Any CPU = Debug|Any CPU
		Release|Any CPU = Release|Any CPU
	EndGlobalSection
	GlobalSection(ProjectConfigurationPlatforms) = postSolution
		{4D388768-7137-4D80-9039-ED4432BC24A2}.Debug|Any CPU.ActiveCfg = Debug|Any CPU
		{4D388768-7137-4D80-9039-ED4432BC24A2}.Debug|Any CPU.Build.0 = Debug|Any CPU
		{4D388768-7137-4D80-9039-ED4432BC24A2}.Release|Any CPU.ActiveCfg = Release|Any CPU
		{4D388768-7137-4D80-9039-ED4432BC24A2}.Release|Any CPU.Build.0 = Release|Any CPU
	EndGlobalSection
	GlobalSection(SolutionProperties) = preSolution
		HideSolutionNode = FALSE
	EndGlobalSection
	GlobalSection(ExtensibilityGlobals) = postSolution
		SolutionGuid = {3B91E369-CF49-4189-9A0A-0D4686EFF76C}
	EndGlobalSection
EndGlobal
